{
  "object": {
    "pins": [
      {
        "package": "VRMKit",
        "repositoryURL": "git@github.com:tattn/VRMKit.git",
        "state": {
          "branch": null,
          "revision": "f6160c1e952f50aee67497fe394c474c4f331737",
          "version": "0.4.4"
        }
      }
    ]
  },
  "version": 1
}
